
Microsoft Visual Studio Solution File, Format Version 12.00
# Visual Studio Version 17
VisualStudioVersion = 17.14.36623.8
MinimumVisualStudioVersion = 10.0.40219.1
Project("{FAE04EC0-301F-11D3-BF4B-00C04F79EFBC}") = "WebTechLab", "WebTechLab\WebTechLab.csproj", "{49A9B96C-F767-4F1E-9044-50CA09A2A6C0}"
EndProject
Project("{FAE04EC0-301F-11D3-BF4B-00C04F79EFBC}") = "WebTechLab.Tests", "WebTechLab.Tests\WebTechLab.Tests.csproj", "{4619FFC4-0A2D-41B8-8D19-2AD76BB6A2A7}"
EndProject
Project("{FAE04EC0-301F-11D3-BF4B-00C04F79EFBC}") = "WebTechLab.TelegramBot", "WebTechLab.TelegramBot\WebTechLab.TelegramBot.csproj", "{81B9E005-70E7-438B-BD89-D95E1F62E2F6}"
EndProject
Global
	GlobalSection(SolutionConfigurationPlatforms) = preSolution
		Debug|Any CPU = Debug|Any CPU
		Release|Any CPU = Release|Any CPU
	EndGlobalSection
	GlobalSection(ProjectConfigurationPlatforms) = postSolution
		{49A9B96C-F767-4F1E-9044-50CA09A2A6C0}.Debug|Any CPU.ActiveCfg = Debug|Any CPU
		{49A9B96C-F767-4F1E-9044-50CA09A2A6C0}.Debug|Any CPU.Build.0 = Debug|Any CPU
		{49A9B96C-F767-4F1E-9044-50CA09A2A6C0}.Release|Any CPU.ActiveCfg = Release|Any CPU
		{49A9B96C-F767-4F1E-9044-50CA09A2A6C0}.Release|Any CPU.Build.0 = Release|Any CPU
		{4619FFC4-0A2D-41B8-8D19-2AD76BB6A2A7}.Debug|Any CPU.ActiveCfg = Debug|Any CPU
		{4619FFC4-0A2D-41B8-8D19-2AD76BB6A2A7}.Debug|Any CPU.Build.0 = Debug|Any CPU
		{4619FFC4-0A2D-41B8-8D19-2AD76BB6A2A7}.Release|Any CPU.ActiveCfg = Release|Any CPU
		{4619FFC4-0A2D-41B8-8D19-2AD76BB6A2A7}.Release|Any CPU.Build.0 = Release|Any CPU
		{81B9E005-70E7-438B-BD89-D95E1F62E2F6}.Debug|Any CPU.ActiveCfg = Debug|Any CPU
		{81B9E005-70E7-438B-BD89-D95E1F62E2F6}.Debug|Any CPU.Build.0 = Debug|Any CPU
		{81B9E005-70E7-438B-BD89-D95E1F62E2F6}.Release|Any CPU.ActiveCfg = Release|Any CPU
		{81B9E005-70E7-438B-BD89-D95E1F62E2F6}.Release|Any CPU.Build.0 = Release|Any CPU
	EndGlobalSection
	GlobalSection(SolutionProperties) = preSolution
		HideSolutionNode = FALSE
	EndGlobalSection
	GlobalSection(ExtensibilityGlobals) = postSolution
		SolutionGuid = {569EAFA8-5DDE-4B96-8586-0EB12E2113BF}
	EndGlobalSection
EndGlobal
